
Microsoft Visual Studio Solution File, Format Version 12.00
# Visual Studio Version 17
VisualStudioVersion = 17.7.34221.43
MinimumVisualStudioVersion = 10.0.40219.1
Project("{FAE04EC0-301F-11D3-BF4B-00C04F79EFBC}") = "Statistics", "Statistics\Statistics.csproj", "{5105E9B6-26B6-4623-8113-A9A4A1C9BB96}"
EndProject
Project("{FAE04EC0-301F-11D3-BF4B-00C04F79EFBC}") = "Graph", "Graph\Graph.csproj", "{EEEF826C-498E-4DE5-922C-0C08BB7832F8}"
EndProject
Project("{FAE04EC0-301F-11D3-BF4B-00C04F79EFBC}") = "OriginDatProblem", "OriginDatProblem\OriginDatProblem.csproj", "{6FC5FA5F-5AE3-4AD9-A887-07E900A9A9C9}"
EndProject
Global
	GlobalSection(SolutionConfigurationPlatforms) = preSolution
		Debug|Any CPU = Debug|Any CPU
		Release|Any CPU = Release|Any CPU
	EndGlobalSection
	GlobalSection(ProjectConfigurationPlatforms) = postSolution
		{5105E9B6-26B6-4623-8113-A9A4A1C9BB96}.Debug|Any CPU.ActiveCfg = Debug|Any CPU
		{5105E9B6-26B6-4623-8113-A9A4A1C9BB96}.Debug|Any CPU.Build.0 = Debug|Any CPU
		{5105E9B6-26B6-4623-8113-A9A4A1C9BB96}.Release|Any CPU.ActiveCfg = Release|Any CPU
		{5105E9B6-26B6-4623-8113-A9A4A1C9BB96}.Release|Any CPU.Build.0 = Release|Any CPU
		{EEEF826C-498E-4DE5-922C-0C08BB7832F8}.Debug|Any CPU.ActiveCfg = Debug|Any CPU
		{EEEF826C-498E-4DE5-922C-0C08BB7832F8}.Debug|Any CPU.Build.0 = Debug|Any CPU
		{EEEF826C-498E-4DE5-922C-0C08BB7832F8}.Release|Any CPU.ActiveCfg = Release|Any CPU
		{EEEF826C-498E-4DE5-922C-0C08BB7832F8}.Release|Any CPU.Build.0 = Release|Any CPU
		{6FC5FA5F-5AE3-4AD9-A887-07E900A9A9C9}.Debug|Any CPU.ActiveCfg = Debug|Any CPU
		{6FC5FA5F-5AE3-4AD9-A887-07E900A9A9C9}.Debug|Any CPU.Build.0 = Debug|Any CPU
		{6FC5FA5F-5AE3-4AD9-A887-07E900A9A9C9}.Release|Any CPU.ActiveCfg = Release|Any CPU
		{6FC5FA5F-5AE3-4AD9-A887-07E900A9A9C9}.Release|Any CPU.Build.0 = Release|Any CPU
	EndGlobalSection
	GlobalSection(SolutionProperties) = preSolution
		HideSolutionNode = FALSE
	EndGlobalSection
	GlobalSection(ExtensibilityGlobals) = postSolution
		SolutionGuid = {31F1E8A9-E4F9-4A06-B318-4229EF12FE63}
	EndGlobalSection
EndGlobal
